
Microsoft Visual Studio Solution File, Format Version 12.00
# Visual Studio Version 17
VisualStudioVersion = 17.13.35825.156 d17.13
MinimumVisualStudioVersion = 10.0.40219.1
Project("{FAE04EC0-301F-11D3-BF4B-00C04F79EFBC}") = "SurvivorApi", "SurvivorApi\SurvivorApi.csproj", "{CCFF26E7-E103-43A9-8DF2-131589C8CA62}"
EndProject
Global
	GlobalSection(SolutionConfigurationPlatforms) = preSolution
		Debug|Any CPU = Debug|Any CPU
		Release|Any CPU = Release|Any CPU
	EndGlobalSection
	GlobalSection(ProjectConfigurationPlatforms) = postSolution
		{CCFF26E7-E103-43A9-8DF2-131589C8CA62}.Debug|Any CPU.ActiveCfg = Debug|Any CPU
		{CCFF26E7-E103-43A9-8DF2-131589C8CA62}.Debug|Any CPU.Build.0 = Debug|Any CPU
		{CCFF26E7-E103-43A9-8DF2-131589C8CA62}.Release|Any CPU.ActiveCfg = Release|Any CPU
		{CCFF26E7-E103-43A9-8DF2-131589C8CA62}.Release|Any CPU.Build.0 = Release|Any CPU
	EndGlobalSection
	GlobalSection(SolutionProperties) = preSolution
		HideSolutionNode = FALSE
	EndGlobalSection
	GlobalSection(ExtensibilityGlobals) = postSolution
		SolutionGuid = {9E55CC28-4C8F-4223-8DC0-2A0A983B1FED}
	EndGlobalSection
EndGlobal
